
Microsoft Visual Studio Solution File, Format Version 12.00
# Visual Studio Version 16
VisualStudioVersion = 16.0.29102.190
MinimumVisualStudioVersion = 10.0.40219.1
Project("{FAE04EC0-301F-11D3-BF4B-00C04F79EFBC}") = "CoreMVCTest2", "CoreMVCTest2\CoreMVCTest2.csproj", "{B763E0E2-DEDE-4A45-BC96-C72430C22A9B}"
EndProject
Global
	GlobalSection(SolutionConfigurationPlatforms) = preSolution
		Debug|Any CPU = Debug|Any CPU
		Release|Any CPU = Release|Any CPU
	EndGlobalSection
	GlobalSection(ProjectConfigurationPlatforms) = postSolution
		{B763E0E2-DEDE-4A45-BC96-C72430C22A9B}.Debug|Any CPU.ActiveCfg = Debug|Any CPU
		{B763E0E2-DEDE-4A45-BC96-C72430C22A9B}.Debug|Any CPU.Build.0 = Debug|Any CPU
		{B763E0E2-DEDE-4A45-BC96-C72430C22A9B}.Release|Any CPU.ActiveCfg = Release|Any CPU
		{B763E0E2-DEDE-4A45-BC96-C72430C22A9B}.Release|Any CPU.Build.0 = Release|Any CPU
	EndGlobalSection
	GlobalSection(SolutionProperties) = preSolution
		HideSolutionNode = FALSE
	EndGlobalSection
	GlobalSection(ExtensibilityGlobals) = postSolution
		SolutionGuid = {14AEE432-F604-498E-B5A3-DE74FC75D0C6}
	EndGlobalSection
EndGlobal
